#include<iostream>
int main() {
	int year;
	std::cout << " enter the year ";
	std::cin >> year;
	if (year / 1000 >> 1) {
		std::cout << "the number is 4_digits number  ";
	} 
	else {
		std::cout << " invalid number ";
	} 
	if (year % 4 == 0 && year % 100 != 0 || year % 400 == 0) {
		std::cout << " this is a leap year ";
	}
	else {
		std::cout << " this is not a leap year ";
	}

}﻿
